
Microsoft Visual Studio Solution File, Format Version 12.00
# Visual Studio Version 16
VisualStudioVersion = 16.0.32802.440
MinimumVisualStudioVersion = 10.0.40219.1
Project("{FAE04EC0-301F-11D3-BF4B-00C04F79EFBC}") = "TestWebApp", "TestWebApp\TestWebApp.csproj", "{EF75519C-B864-4DEB-A8DF-7B7B787FAEC0}"
EndProject
Global
	GlobalSection(SolutionConfigurationPlatforms) = preSolution
		Debug|Any CPU = Debug|Any CPU
		Release|Any CPU = Release|Any CPU
	EndGlobalSection
	GlobalSection(ProjectConfigurationPlatforms) = postSolution
		{EF75519C-B864-4DEB-A8DF-7B7B787FAEC0}.Debug|Any CPU.ActiveCfg = Debug|Any CPU
		{EF75519C-B864-4DEB-A8DF-7B7B787FAEC0}.Debug|Any CPU.Build.0 = Debug|Any CPU
		{EF75519C-B864-4DEB-A8DF-7B7B787FAEC0}.Release|Any CPU.ActiveCfg = Release|Any CPU
		{EF75519C-B864-4DEB-A8DF-7B7B787FAEC0}.Release|Any CPU.Build.0 = Release|Any CPU
	EndGlobalSection
	GlobalSection(SolutionProperties) = preSolution
		HideSolutionNode = FALSE
	EndGlobalSection
	GlobalSection(ExtensibilityGlobals) = postSolution
		SolutionGuid = {2F8B4705-47EC-450C-9AC1-2A2C463B8A9D}
	EndGlobalSection
EndGlobal
